Microsoft Visual Studio Solution File, Format Version 11.00
# Visual Studio 2008

Project("{04CF9EA7-6ACF-48A3-FDDA-C9C588AFD8A2}") = "DragonMatch", "Assembly-CSharp.csproj", "{272A8A0A-AD7D-2184-40A7-AC132FFF23E7}"
EndProject
Global
	GlobalSection(SolutionConfigurationPlatforms) = preSolution
		Debug|Any CPU = Debug|Any CPU
		Release|Any CPU = Release|Any CPU
	EndGlobalSection
	GlobalSection(ProjectConfigurationPlatforms) = postSolution
		{272A8A0A-AD7D-2184-40A7-AC132FFF23E7}.Debug|Any CPU.ActiveCfg = Debug|Any CPU
		{272A8A0A-AD7D-2184-40A7-AC132FFF23E7}.Debug|Any CPU.Build.0 = Debug|Any CPU
		{272A8A0A-AD7D-2184-40A7-AC132FFF23E7}.Release|Any CPU.ActiveCfg = Release|Any CPU
		{272A8A0A-AD7D-2184-40A7-AC132FFF23E7}.Release|Any CPU.Build.0 = Release|Any CPU
	EndGlobalSection
	GlobalSection(SolutionProperties) = preSolution
		HideSolutionNode = FALSE
	EndGlobalSection
	GlobalSection(MonoDevelopProperties) = preSolution
		StartupItem = Assembly-CSharp.csproj
	EndGlobalSection
EndGlobal
